
Microsoft Visual Studio Solution File, Format Version 12.00
# Visual Studio 15
VisualStudioVersion = 15.0.28307.1209
MinimumVisualStudioVersion = 10.0.40219.1
Project("{FAE04EC0-301F-11D3-BF4B-00C04F79EFBC}") = "Receiver161", "Receiver161\Receiver161.csproj", "{29944611-15C2-4090-9C03-EF07D2C2E593}"
EndProject
Global
	GlobalSection(SolutionConfigurationPlatforms) = preSolution
		Debug|Any CPU = Debug|Any CPU
		Release|Any CPU = Release|Any CPU
	EndGlobalSection
	GlobalSection(ProjectConfigurationPlatforms) = postSolution
		{29944611-15C2-4090-9C03-EF07D2C2E593}.Debug|Any CPU.ActiveCfg = Debug|Any CPU
		{29944611-15C2-4090-9C03-EF07D2C2E593}.Debug|Any CPU.Build.0 = Debug|Any CPU
		{29944611-15C2-4090-9C03-EF07D2C2E593}.Release|Any CPU.ActiveCfg = Release|Any CPU
		{29944611-15C2-4090-9C03-EF07D2C2E593}.Release|Any CPU.Build.0 = Release|Any CPU
	EndGlobalSection
	GlobalSection(SolutionProperties) = preSolution
		HideSolutionNode = FALSE
	EndGlobalSection
	GlobalSection(ExtensibilityGlobals) = postSolution
		SolutionGuid = {7CC29EF6-2506-4E1D-ADC0-9394D9466073}
	EndGlobalSection
EndGlobal
